
Microsoft Visual Studio Solution File, Format Version 12.00
# Visual Studio Version 16
VisualStudioVersion = 16.0.30128.74
MinimumVisualStudioVersion = 10.0.40219.1
Project("{FAE04EC0-301F-11D3-BF4B-00C04F79EFBC}") = "tk0wnz-indicators", "tk0wnz-indicators\tk0wnz-indicators.csproj", "{B97973B1-5352-4F33-9F72-B5D64215AF5C}"
EndProject
Global
	GlobalSection(SolutionConfigurationPlatforms) = preSolution
		Debug|Any CPU = Debug|Any CPU
		Release|Any CPU = Release|Any CPU
	EndGlobalSection
	GlobalSection(ProjectConfigurationPlatforms) = postSolution
		{B97973B1-5352-4F33-9F72-B5D64215AF5C}.Debug|Any CPU.ActiveCfg = Debug|Any CPU
		{B97973B1-5352-4F33-9F72-B5D64215AF5C}.Debug|Any CPU.Build.0 = Debug|Any CPU
		{B97973B1-5352-4F33-9F72-B5D64215AF5C}.Release|Any CPU.ActiveCfg = Release|Any CPU
		{B97973B1-5352-4F33-9F72-B5D64215AF5C}.Release|Any CPU.Build.0 = Release|Any CPU
	EndGlobalSection
	GlobalSection(SolutionProperties) = preSolution
		HideSolutionNode = FALSE
	EndGlobalSection
	GlobalSection(ExtensibilityGlobals) = postSolution
		SolutionGuid = {A8BA983F-C79C-44FF-98AD-B0D96F83A591}
	EndGlobalSection
EndGlobal
